
Microsoft Visual Studio Solution File, Format Version 12.00
# Visual Studio Version 16
VisualStudioVersion = 16.0.33423.256
MinimumVisualStudioVersion = 10.0.40219.1
Project("{FAE04EC0-301F-11D3-BF4B-00C04F79EFBC}") = "DrivingSchoolSystem", "DrivingSchoolSystem\DrivingSchoolSystem.csproj", "{068F0772-53EA-4713-B51A-20538F61C06F}"
EndProject
Global
	GlobalSection(SolutionConfigurationPlatforms) = preSolution
		Debug|Any CPU = Debug|Any CPU
		Release|Any CPU = Release|Any CPU
	EndGlobalSection
	GlobalSection(ProjectConfigurationPlatforms) = postSolution
		{068F0772-53EA-4713-B51A-20538F61C06F}.Debug|Any CPU.ActiveCfg = Debug|Any CPU
		{068F0772-53EA-4713-B51A-20538F61C06F}.Debug|Any CPU.Build.0 = Debug|Any CPU
		{068F0772-53EA-4713-B51A-20538F61C06F}.Release|Any CPU.ActiveCfg = Release|Any CPU
		{068F0772-53EA-4713-B51A-20538F61C06F}.Release|Any CPU.Build.0 = Release|Any CPU
	EndGlobalSection
	GlobalSection(SolutionProperties) = preSolution
		HideSolutionNode = FALSE
	EndGlobalSection
	GlobalSection(ExtensibilityGlobals) = postSolution
		SolutionGuid = {7AE74847-2D6E-42D6-8DE0-DA81A9A91DDE}
	EndGlobalSection
EndGlobal
